
Microsoft Visual Studio Solution File, Format Version 12.00
# Visual Studio Version 16
VisualStudioVersion = 16.0.31105.61
MinimumVisualStudioVersion = 10.0.40219.1
Project("{FAE04EC0-301F-11D3-BF4B-00C04F79EFBC}") = "WebSiteProductos", "WebSiteProductos\WebSiteProductos.csproj", "{6E3C5504-6BAC-46F5-9B37-9AC8BD174040}"
EndProject
Global
	GlobalSection(SolutionConfigurationPlatforms) = preSolution
		Debug|Any CPU = Debug|Any CPU
		Release|Any CPU = Release|Any CPU
	EndGlobalSection
	GlobalSection(ProjectConfigurationPlatforms) = postSolution
		{6E3C5504-6BAC-46F5-9B37-9AC8BD174040}.Debug|Any CPU.ActiveCfg = Debug|Any CPU
		{6E3C5504-6BAC-46F5-9B37-9AC8BD174040}.Debug|Any CPU.Build.0 = Debug|Any CPU
		{6E3C5504-6BAC-46F5-9B37-9AC8BD174040}.Release|Any CPU.ActiveCfg = Release|Any CPU
		{6E3C5504-6BAC-46F5-9B37-9AC8BD174040}.Release|Any CPU.Build.0 = Release|Any CPU
	EndGlobalSection
	GlobalSection(SolutionProperties) = preSolution
		HideSolutionNode = FALSE
	EndGlobalSection
	GlobalSection(ExtensibilityGlobals) = postSolution
		SolutionGuid = {295FD355-2DE3-428C-8EBF-0F8A6E7F82A0}
	EndGlobalSection
EndGlobal
