
Microsoft Visual Studio Solution File, Format Version 12.00
# Visual Studio Version 16
VisualStudioVersion = 16.0.31410.357
MinimumVisualStudioVersion = 10.0.40219.1
Project("{FAE04EC0-301F-11D3-BF4B-00C04F79EFBC}") = "WindowsAppADONET", "WindowsAppADONET\WindowsAppADONET.csproj", "{DD33D746-2D93-41CF-BC15-675DE003B896}"
EndProject
Project("{FAE04EC0-301F-11D3-BF4B-00C04F79EFBC}") = "Datos", "Datos\Datos.csproj", "{77884F73-E956-4427-A1C3-CE428E8485E2}"
EndProject
Project("{FAE04EC0-301F-11D3-BF4B-00C04F79EFBC}") = "WebAutores", "WebAutores\WebAutores.csproj", "{6FAEF5BE-A6F8-4645-B49B-448A18996876}"
EndProject
Global
	GlobalSection(SolutionConfigurationPlatforms) = preSolution
		Debug|Any CPU = Debug|Any CPU
		Release|Any CPU = Release|Any CPU
	EndGlobalSection
	GlobalSection(ProjectConfigurationPlatforms) = postSolution
		{DD33D746-2D93-41CF-BC15-675DE003B896}.Debug|Any CPU.ActiveCfg = Debug|Any CPU
		{DD33D746-2D93-41CF-BC15-675DE003B896}.Debug|Any CPU.Build.0 = Debug|Any CPU
		{DD33D746-2D93-41CF-BC15-675DE003B896}.Release|Any CPU.ActiveCfg = Release|Any CPU
		{DD33D746-2D93-41CF-BC15-675DE003B896}.Release|Any CPU.Build.0 = Release|Any CPU
		{77884F73-E956-4427-A1C3-CE428E8485E2}.Debug|Any CPU.ActiveCfg = Debug|Any CPU
		{77884F73-E956-4427-A1C3-CE428E8485E2}.Debug|Any CPU.Build.0 = Debug|Any CPU
		{77884F73-E956-4427-A1C3-CE428E8485E2}.Release|Any CPU.ActiveCfg = Release|Any CPU
		{77884F73-E956-4427-A1C3-CE428E8485E2}.Release|Any CPU.Build.0 = Release|Any CPU
		{6FAEF5BE-A6F8-4645-B49B-448A18996876}.Debug|Any CPU.ActiveCfg = Debug|Any CPU
		{6FAEF5BE-A6F8-4645-B49B-448A18996876}.Debug|Any CPU.Build.0 = Debug|Any CPU
		{6FAEF5BE-A6F8-4645-B49B-448A18996876}.Release|Any CPU.ActiveCfg = Release|Any CPU
		{6FAEF5BE-A6F8-4645-B49B-448A18996876}.Release|Any CPU.Build.0 = Release|Any CPU
	EndGlobalSection
	GlobalSection(SolutionProperties) = preSolution
		HideSolutionNode = FALSE
	EndGlobalSection
	GlobalSection(ExtensibilityGlobals) = postSolution
		SolutionGuid = {E8E4233A-80C6-4E0A-89BD-3A22381B50F8}
	EndGlobalSection
EndGlobal
