
Microsoft Visual Studio Solution File, Format Version 12.00
# Visual Studio Version 16
VisualStudioVersion = 16.0.31105.61
MinimumVisualStudioVersion = 10.0.40219.1
Project("{9A19103F-16F7-4668-BE54-9A1E7A4F7556}") = "WebApiPubs", "WebApiPubs\WebApiPubs.csproj", "{86B5B940-BEF2-4EC1-B98F-94E964B78EEE}"
EndProject
Project("{FAE04EC0-301F-11D3-BF4B-00C04F79EFBC}") = "WebApiNorthwind", "WebApiNorthwind\WebApiNorthwind.csproj", "{3B93FB59-8769-46AB-A4B6-0B07CD0BA43B}"
EndProject
Global
	GlobalSection(SolutionConfigurationPlatforms) = preSolution
		Debug|Any CPU = Debug|Any CPU
		Release|Any CPU = Release|Any CPU
	EndGlobalSection
	GlobalSection(ProjectConfigurationPlatforms) = postSolution
		{86B5B940-BEF2-4EC1-B98F-94E964B78EEE}.Debug|Any CPU.ActiveCfg = Debug|Any CPU
		{86B5B940-BEF2-4EC1-B98F-94E964B78EEE}.Debug|Any CPU.Build.0 = Debug|Any CPU
		{86B5B940-BEF2-4EC1-B98F-94E964B78EEE}.Release|Any CPU.ActiveCfg = Release|Any CPU
		{86B5B940-BEF2-4EC1-B98F-94E964B78EEE}.Release|Any CPU.Build.0 = Release|Any CPU
		{3B93FB59-8769-46AB-A4B6-0B07CD0BA43B}.Debug|Any CPU.ActiveCfg = Debug|Any CPU
		{3B93FB59-8769-46AB-A4B6-0B07CD0BA43B}.Debug|Any CPU.Build.0 = Debug|Any CPU
		{3B93FB59-8769-46AB-A4B6-0B07CD0BA43B}.Release|Any CPU.ActiveCfg = Release|Any CPU
		{3B93FB59-8769-46AB-A4B6-0B07CD0BA43B}.Release|Any CPU.Build.0 = Release|Any CPU
	EndGlobalSection
	GlobalSection(SolutionProperties) = preSolution
		HideSolutionNode = FALSE
	EndGlobalSection
	GlobalSection(ExtensibilityGlobals) = postSolution
		SolutionGuid = {7D374576-F359-4255-A0AA-C4C7773EBE32}
	EndGlobalSection
EndGlobal
