
Microsoft Visual Studio Solution File, Format Version 12.00
# Visual Studio Version 16
VisualStudioVersion = 16.0.31410.357
MinimumVisualStudioVersion = 10.0.40219.1
Project("{FAE04EC0-301F-11D3-BF4B-00C04F79EFBC}") = "Datos", "Datos\Datos.csproj", "{FE83D508-B8A2-4E08-8CD1-11EB8141A3B3}"
EndProject
Global
	GlobalSection(SolutionConfigurationPlatforms) = preSolution
		Debug|Any CPU = Debug|Any CPU
		Release|Any CPU = Release|Any CPU
	EndGlobalSection
	GlobalSection(ProjectConfigurationPlatforms) = postSolution
		{FE83D508-B8A2-4E08-8CD1-11EB8141A3B3}.Debug|Any CPU.ActiveCfg = Debug|Any CPU
		{FE83D508-B8A2-4E08-8CD1-11EB8141A3B3}.Debug|Any CPU.Build.0 = Debug|Any CPU
		{FE83D508-B8A2-4E08-8CD1-11EB8141A3B3}.Release|Any CPU.ActiveCfg = Release|Any CPU
		{FE83D508-B8A2-4E08-8CD1-11EB8141A3B3}.Release|Any CPU.Build.0 = Release|Any CPU
	EndGlobalSection
	GlobalSection(SolutionProperties) = preSolution
		HideSolutionNode = FALSE
	EndGlobalSection
	GlobalSection(ExtensibilityGlobals) = postSolution
		SolutionGuid = {8C50CFEB-5DCD-4E3B-A1BC-2532ECB508E5}
	EndGlobalSection
EndGlobal
