
Microsoft Visual Studio Solution File, Format Version 12.00
# Visual Studio Version 16
VisualStudioVersion = 16.0.31105.61
MinimumVisualStudioVersion = 10.0.40219.1
Project("{FAE04EC0-301F-11D3-BF4B-00C04F79EFBC}") = "Datos", "Datos\Datos.csproj", "{F4802922-9D22-4AE2-837E-2755138CA99C}"
EndProject
Project("{FAE04EC0-301F-11D3-BF4B-00C04F79EFBC}") = "AppWindows", "AppWindows\AppWindows.csproj", "{68E37590-DD0A-4496-AE91-705E6DF47EA2}"
EndProject
Global
	GlobalSection(SolutionConfigurationPlatforms) = preSolution
		Debug|Any CPU = Debug|Any CPU
		Release|Any CPU = Release|Any CPU
	EndGlobalSection
	GlobalSection(ProjectConfigurationPlatforms) = postSolution
		{F4802922-9D22-4AE2-837E-2755138CA99C}.Debug|Any CPU.ActiveCfg = Debug|Any CPU
		{F4802922-9D22-4AE2-837E-2755138CA99C}.Debug|Any CPU.Build.0 = Debug|Any CPU
		{F4802922-9D22-4AE2-837E-2755138CA99C}.Release|Any CPU.ActiveCfg = Release|Any CPU
		{F4802922-9D22-4AE2-837E-2755138CA99C}.Release|Any CPU.Build.0 = Release|Any CPU
		{68E37590-DD0A-4496-AE91-705E6DF47EA2}.Debug|Any CPU.ActiveCfg = Debug|Any CPU
		{68E37590-DD0A-4496-AE91-705E6DF47EA2}.Debug|Any CPU.Build.0 = Debug|Any CPU
		{68E37590-DD0A-4496-AE91-705E6DF47EA2}.Release|Any CPU.ActiveCfg = Release|Any CPU
		{68E37590-DD0A-4496-AE91-705E6DF47EA2}.Release|Any CPU.Build.0 = Release|Any CPU
	EndGlobalSection
	GlobalSection(SolutionProperties) = preSolution
		HideSolutionNode = FALSE
	EndGlobalSection
	GlobalSection(ExtensibilityGlobals) = postSolution
		SolutionGuid = {51BC555F-0BD2-4D14-8F54-AC71C24EC2ED}
	EndGlobalSection
EndGlobal
